
Microsoft Visual Studio Solution File, Format Version 12.00
# Visual Studio Version 16
VisualStudioVersion = 16.0.30011.22
MinimumVisualStudioVersion = 10.0.40219.1
Project("{FAE04EC0-301F-11D3-BF4B-00C04F79EFBC}") = "CICDPracticalRepo", "CICDPracticalRepo\CICDPracticalRepo.csproj", "{95C24303-2208-4C4B-9997-1383F0144592}"
EndProject
Global
	GlobalSection(SolutionConfigurationPlatforms) = preSolution
		Debug|Any CPU = Debug|Any CPU
		Release|Any CPU = Release|Any CPU
	EndGlobalSection
	GlobalSection(ProjectConfigurationPlatforms) = postSolution
		{95C24303-2208-4C4B-9997-1383F0144592}.Debug|Any CPU.ActiveCfg = Debug|Any CPU
		{95C24303-2208-4C4B-9997-1383F0144592}.Debug|Any CPU.Build.0 = Debug|Any CPU
		{95C24303-2208-4C4B-9997-1383F0144592}.Release|Any CPU.ActiveCfg = Release|Any CPU
		{95C24303-2208-4C4B-9997-1383F0144592}.Release|Any CPU.Build.0 = Release|Any CPU
	EndGlobalSection
	GlobalSection(SolutionProperties) = preSolution
		HideSolutionNode = FALSE
	EndGlobalSection
	GlobalSection(ExtensibilityGlobals) = postSolution
		SolutionGuid = {416C026C-51BC-4769-BF0E-76932F9629A4}
	EndGlobalSection
EndGlobal
